
Microsoft Visual Studio Solution File, Format Version 12.00
# Visual Studio 14
VisualStudioVersion = 14.0.25420.1
MinimumVisualStudioVersion = 10.0.40219.1
Project("{FAE04EC0-301F-11D3-BF4B-00C04F79EFBC}") = "Arrays", "Arrays\Arrays.csproj", "{E1D2E787-4B50-4627-8BA5-21FA0BD8695B}"
EndProject
Project("{FAE04EC0-301F-11D3-BF4B-00C04F79EFBC}") = "Lists", "Lists\Lists.csproj", "{03D65C99-7078-4487-9BC5-22517F7C825C}"
EndProject
Project("{FAE04EC0-301F-11D3-BF4B-00C04F79EFBC}") = "ArraysListsExcersises", "ArraysListsExcersises\ArraysListsExcersises.csproj", "{E8AFC096-86DB-4135-B53F-3ED08F410381}"
EndProject
Global
	GlobalSection(SolutionConfigurationPlatforms) = preSolution
		Debug|Any CPU = Debug|Any CPU
		Release|Any CPU = Release|Any CPU
	EndGlobalSection
	GlobalSection(ProjectConfigurationPlatforms) = postSolution
		{E1D2E787-4B50-4627-8BA5-21FA0BD8695B}.Debug|Any CPU.ActiveCfg = Debug|Any CPU
		{E1D2E787-4B50-4627-8BA5-21FA0BD8695B}.Debug|Any CPU.Build.0 = Debug|Any CPU
		{E1D2E787-4B50-4627-8BA5-21FA0BD8695B}.Release|Any CPU.ActiveCfg = Release|Any CPU
		{E1D2E787-4B50-4627-8BA5-21FA0BD8695B}.Release|Any CPU.Build.0 = Release|Any CPU
		{03D65C99-7078-4487-9BC5-22517F7C825C}.Debug|Any CPU.ActiveCfg = Debug|Any CPU
		{03D65C99-7078-4487-9BC5-22517F7C825C}.Debug|Any CPU.Build.0 = Debug|Any CPU
		{03D65C99-7078-4487-9BC5-22517F7C825C}.Release|Any CPU.ActiveCfg = Release|Any CPU
		{03D65C99-7078-4487-9BC5-22517F7C825C}.Release|Any CPU.Build.0 = Release|Any CPU
		{E8AFC096-86DB-4135-B53F-3ED08F410381}.Debug|Any CPU.ActiveCfg = Debug|Any CPU
		{E8AFC096-86DB-4135-B53F-3ED08F410381}.Debug|Any CPU.Build.0 = Debug|Any CPU
		{E8AFC096-86DB-4135-B53F-3ED08F410381}.Release|Any CPU.ActiveCfg = Release|Any CPU
		{E8AFC096-86DB-4135-B53F-3ED08F410381}.Release|Any CPU.Build.0 = Release|Any CPU
	EndGlobalSection
	GlobalSection(SolutionProperties) = preSolution
		HideSolutionNode = FALSE
	EndGlobalSection
EndGlobal
